
Microsoft Visual Studio Solution File, Format Version 12.00
# Visual Studio Version 16
VisualStudioVersion = 16.0.29409.12
MinimumVisualStudioVersion = 10.0.40219.1
Project("{FAE04EC0-301F-11D3-BF4B-00C04F79EFBC}") = "Datatypes-NamingConventions", "Datatypes-NamingConventions\Datatypes-NamingConventions.csproj", "{D0146A80-07C3-4AA2-A518-96F61ED7029F}"
EndProject
Global
	GlobalSection(SolutionConfigurationPlatforms) = preSolution
		Debug|Any CPU = Debug|Any CPU
		Release|Any CPU = Release|Any CPU
	EndGlobalSection
	GlobalSection(ProjectConfigurationPlatforms) = postSolution
		{D0146A80-07C3-4AA2-A518-96F61ED7029F}.Debug|Any CPU.ActiveCfg = Debug|Any CPU
		{D0146A80-07C3-4AA2-A518-96F61ED7029F}.Debug|Any CPU.Build.0 = Debug|Any CPU
		{D0146A80-07C3-4AA2-A518-96F61ED7029F}.Release|Any CPU.ActiveCfg = Release|Any CPU
		{D0146A80-07C3-4AA2-A518-96F61ED7029F}.Release|Any CPU.Build.0 = Release|Any CPU
	EndGlobalSection
	GlobalSection(SolutionProperties) = preSolution
		HideSolutionNode = FALSE
	EndGlobalSection
	GlobalSection(ExtensibilityGlobals) = postSolution
		SolutionGuid = {B1C6454A-7283-4E70-A492-42A865816AD4}
	EndGlobalSection
EndGlobal
