
Microsoft Visual Studio Solution File, Format Version 12.00
# Visual Studio Version 16
VisualStudioVersion = 16.0.29409.12
MinimumVisualStudioVersion = 10.0.40219.1
Project("{FAE04EC0-301F-11D3-BF4B-00C04F79EFBC}") = "UserInput", "UserInput.csproj", "{7F926B3B-DEE6-4B68-AD47-F0CE462D6D4A}"
EndProject
Global
	GlobalSection(SolutionConfigurationPlatforms) = preSolution
		Debug|Any CPU = Debug|Any CPU
		Release|Any CPU = Release|Any CPU
	EndGlobalSection
	GlobalSection(ProjectConfigurationPlatforms) = postSolution
		{7F926B3B-DEE6-4B68-AD47-F0CE462D6D4A}.Debug|Any CPU.ActiveCfg = Debug|Any CPU
		{7F926B3B-DEE6-4B68-AD47-F0CE462D6D4A}.Debug|Any CPU.Build.0 = Debug|Any CPU
		{7F926B3B-DEE6-4B68-AD47-F0CE462D6D4A}.Release|Any CPU.ActiveCfg = Release|Any CPU
		{7F926B3B-DEE6-4B68-AD47-F0CE462D6D4A}.Release|Any CPU.Build.0 = Release|Any CPU
	EndGlobalSection
	GlobalSection(SolutionProperties) = preSolution
		HideSolutionNode = FALSE
	EndGlobalSection
	GlobalSection(ExtensibilityGlobals) = postSolution
		SolutionGuid = {0284F4FA-C014-4D40-84C1-F2649E301868}
	EndGlobalSection
EndGlobal
