
Microsoft Visual Studio Solution File, Format Version 12.00
# Visual Studio Version 16
VisualStudioVersion = 16.0.29409.12
MinimumVisualStudioVersion = 10.0.40219.1
Project("{FAE04EC0-301F-11D3-BF4B-00C04F79EFBC}") = "MethodsVoid", "MethodsVoid.csproj", "{AC875B24-60D4-4530-95AF-7C44E9509A14}"
EndProject
Global
	GlobalSection(SolutionConfigurationPlatforms) = preSolution
		Debug|Any CPU = Debug|Any CPU
		Release|Any CPU = Release|Any CPU
	EndGlobalSection
	GlobalSection(ProjectConfigurationPlatforms) = postSolution
		{AC875B24-60D4-4530-95AF-7C44E9509A14}.Debug|Any CPU.ActiveCfg = Debug|Any CPU
		{AC875B24-60D4-4530-95AF-7C44E9509A14}.Debug|Any CPU.Build.0 = Debug|Any CPU
		{AC875B24-60D4-4530-95AF-7C44E9509A14}.Release|Any CPU.ActiveCfg = Release|Any CPU
		{AC875B24-60D4-4530-95AF-7C44E9509A14}.Release|Any CPU.Build.0 = Release|Any CPU
	EndGlobalSection
	GlobalSection(SolutionProperties) = preSolution
		HideSolutionNode = FALSE
	EndGlobalSection
	GlobalSection(ExtensibilityGlobals) = postSolution
		SolutionGuid = {D19CD508-B252-401B-AEF1-77B895041C54}
	EndGlobalSection
EndGlobal
