
Microsoft Visual Studio Solution File, Format Version 12.00
# Visual Studio Version 16
VisualStudioVersion = 16.0.29409.12
MinimumVisualStudioVersion = 10.0.40219.1
Project("{FAE04EC0-301F-11D3-BF4B-00C04F79EFBC}") = "ForLoops", "ForLoops.csproj", "{39B4EF47-1C59-4556-86F8-665408FED9DC}"
EndProject
Global
	GlobalSection(SolutionConfigurationPlatforms) = preSolution
		Debug|Any CPU = Debug|Any CPU
		Release|Any CPU = Release|Any CPU
	EndGlobalSection
	GlobalSection(ProjectConfigurationPlatforms) = postSolution
		{39B4EF47-1C59-4556-86F8-665408FED9DC}.Debug|Any CPU.ActiveCfg = Debug|Any CPU
		{39B4EF47-1C59-4556-86F8-665408FED9DC}.Debug|Any CPU.Build.0 = Debug|Any CPU
		{39B4EF47-1C59-4556-86F8-665408FED9DC}.Release|Any CPU.ActiveCfg = Release|Any CPU
		{39B4EF47-1C59-4556-86F8-665408FED9DC}.Release|Any CPU.Build.0 = Release|Any CPU
	EndGlobalSection
	GlobalSection(SolutionProperties) = preSolution
		HideSolutionNode = FALSE
	EndGlobalSection
	GlobalSection(ExtensibilityGlobals) = postSolution
		SolutionGuid = {4E23A71B-11A7-4B2E-86A1-366CAC971860}
	EndGlobalSection
EndGlobal
